// !$*UTF8*$!
{
	archiveVersion = 1;
	classes = {
	};
	objectVersion = 46;
	objects = {

/* Begin PBXBuildFile section */
		00E356F31AD99517003FC87E /* LawyerTests.m in Sources */ = {isa = PBXBuildFile; fileRef = 00E356F21AD99517003FC87E /* LawyerTests.m */; };
		13B07FBC1A68108700A75B9A /* AppDelegate.m in Sources */ = {isa = PBXBuildFile; fileRef = 13B07FB01A68108700A75B9A /* AppDelegate.m */; };
		13B07FBF1A68108700A75B9A /* Images.xcassets in Resources */ = {isa = PBXBuildFile; fileRef = 13B07FB51A68108700A75B9A /* Images.xcassets */; };
		13B07FC11A68108700A75B9A /* main.m in Sources */ = {isa = PBXBuildFile; fileRef = 13B07FB71A68108700A75B9A /* main.m */; };
		2D02E4BC1E0B4A80006451C7 /* AppDelegate.m in Sources */ = {isa = PBXBuildFile; fileRef = 13B07FB01A68108700A75B9A /* AppDelegate.m */; };
		2D02E4BD1E0B4A84006451C7 /* Images.xcassets in Resources */ = {isa = PBXBuildFile; fileRef = 13B07FB51A68108700A75B9A /* Images.xcassets */; };
		2D02E4BF1E0B4AB3006451C7 /* main.m in Sources */ = {isa = PBXBuildFile; fileRef = 13B07FB71A68108700A75B9A /* main.m */; };
		2DCD954D1E0B4F2C00145EB5 /* LawyerTests.m in Sources */ = {isa = PBXBuildFile; fileRef = 00E356F21AD99517003FC87E /* LawyerTests.m */; };
		81AB9BB82411601600AC10FF /* LaunchScreen.storyboard in Resources */ = {isa = PBXBuildFile; fileRef = 81AB9BB72411601600AC10FF /* LaunchScreen.storyboard */; };
		C25F21F09EE24D4EA60EF0E7 /* Anton-Regular.ttf in Resources */ = {isa = PBXBuildFile; fileRef = 092EB8AE94DC4BE987EEED54 /* Anton-Regular.ttf */; };
		F904531FDB7947978E81F821 /* BalooBhaijaan-Regular.ttf in Resources */ = {isa = PBXBuildFile; fileRef = A659894C93A64A33AC66B6B8 /* BalooBhaijaan-Regular.ttf */; };
		3A04BB2B0460445F96FC5F19 /* Damion-Regular.ttf in Resources */ = {isa = PBXBuildFile; fileRef = C7B04738367A4C80A4ECBB1F /* Damion-Regular.ttf */; };
		8FDD220A5F9A449C94E7D096 /* DancingScript-Bold.ttf in Resources */ = {isa = PBXBuildFile; fileRef = D31A99CA358A402FB7B0FB16 /* DancingScript-Bold.ttf */; };
		B508C0D013F94A4B9BC43BC1 /* DancingScript-Medium.ttf in Resources */ = {isa = PBXBuildFile; fileRef = F12EF88B26644CD9978B3AA3 /* DancingScript-Medium.ttf */; };
		FB05C81AC4BC4A19BC057EB2 /* DancingScript-Regular.ttf in Resources */ = {isa = PBXBuildFile; fileRef = CEE4C867180C45DEB245134B /* DancingScript-Regular.ttf */; };
		89C1FA1B42364C4A877F5610 /* DancingScript-SemiBold.ttf in Resources */ = {isa = PBXBuildFile; fileRef = 584CAF0D4ACD4462904154F3 /* DancingScript-SemiBold.ttf */; };
		F4C531ED6DFA4D10B8C09FA1 /* DancingScript-VariableFont_wght.ttf in Resources */ = {isa = PBXBuildFile; fileRef = 9701D41AED824ED1AD8DE8CF /* DancingScript-VariableFont_wght.ttf */; };
		D70CE00DEBB140098A5C0E87 /* DancingScript.ttf in Resources */ = {isa = PBXBuildFile; fileRef = C89EE75AF60C4D2C889ECE34 /* DancingScript.ttf */; };
		3A1416B72D5E4B4FB2417FC2 /* Far_Aref.ttf in Resources */ = {isa = PBXBuildFile; fileRef = 4BDC1405C4F745F49A3204D0 /* Far_Aref.ttf */; };
		7DB76DDF1EC44129B3AA7666 /* GreatVibes-Regular.ttf in Resources */ = {isa = PBXBuildFile; fileRef = C27D7A2C101046DD9DBB982C /* GreatVibes-Regular.ttf */; };
		0270FB7D8DE141728BDED25C /* Iranian Sans.ttf in Resources */ = {isa = PBXBuildFile; fileRef = DAA6A3A87FC04E3AA0BE018D /* Iranian Sans.ttf */; };
		1749A455E1FF4E82ABAE6DB1 /* IRANSansMobile_Black.ttf in Resources */ = {isa = PBXBuildFile; fileRef = 58A040E591404CBEB5E7DEA5 /* IRANSansMobile_Black.ttf */; };
		A7460B901ECD4DDE99C9E820 /* IRANSansMobile_Bold.ttf in Resources */ = {isa = PBXBuildFile; fileRef = C0F1A0EA9F2441639F6CA95B /* IRANSansMobile_Bold.ttf */; };
		6734A913EE984A2CADDFD551 /* IRANSansMobile_Light.ttf in Resources */ = {isa = PBXBuildFile; fileRef = 569ABA3950B549EB822FDC8B /* IRANSansMobile_Light.ttf */; };
		6E2189C2A11C4695BA6B367C /* IRANSansMobile_Medium.ttf in Resources */ = {isa = PBXBuildFile; fileRef = 9F0E766C24724EE1B4D5AAB6 /* IRANSansMobile_Medium.ttf */; };
		6C243CDD7D56416FAF1B9DD4 /* IRANSansMobile_UltraLight.ttf in Resources */ = {isa = PBXBuildFile; fileRef = 065CA08F4241475D8D5F2607 /* IRANSansMobile_UltraLight.ttf */; };
		D94044E773CB40B39C27DFF1 /* IRANSansMobile.ttf in Resources */ = {isa = PBXBuildFile; fileRef = 8305A172200544B19CE64F51 /* IRANSansMobile.ttf */; };
		541E0516E8644E65A61CCD8D /* IRANSansMobile(FaNum)_Black.ttf in Resources */ = {isa = PBXBuildFile; fileRef = E9E6034A84524AFD9CF033EA /* IRANSansMobile(FaNum)_Black.ttf */; };
		0CD7270B2B364E74905BA018 /* IRANSansMobile(FaNum)_Bold.ttf in Resources */ = {isa = PBXBuildFile; fileRef = B128CB95304B4F79958EDCC5 /* IRANSansMobile(FaNum)_Bold.ttf */; };
		FA007421C5D140239F3BFCE4 /* IRANSansMobile(FaNum)_Light.ttf in Resources */ = {isa = PBXBuildFile; fileRef = 989103F072CC4F6C97A38050 /* IRANSansMobile(FaNum)_Light.ttf */; };
		EEB7DABD131D43469AF7653F /* IRANSansMobile(FaNum)_Medium.ttf in Resources */ = {isa = PBXBuildFile; fileRef = 0FAF23DA5F2D4C6D85D30C65 /* IRANSansMobile(FaNum)_Medium.ttf */; };
		0619574620124D06A951F3F0 /* IRANSansMobile(FaNum)_UltraLight.ttf in Resources */ = {isa = PBXBuildFile; fileRef = 307A50EB4AD74783821B2108 /* IRANSansMobile(FaNum)_UltraLight.ttf */; };
		C7C3BC4B110949109CB45013 /* IRANSansMobile(FaNum).ttf in Resources */ = {isa = PBXBuildFile; fileRef = BD6F628A93F74984A9819509 /* IRANSansMobile(FaNum).ttf */; };
		9BDF2798BB6144A78545B775 /* JimNightshade-Regular.ttf in Resources */ = {isa = PBXBuildFile; fileRef = A5640F44EFA7448F95A91BC3 /* JimNightshade-Regular.ttf */; };
		37CE0EC5D24F44CDA9794EA0 /* Lalezar-Regular.ttf in Resources */ = {isa = PBXBuildFile; fileRef = C400C856C9D947F59BC06B40 /* Lalezar-Regular.ttf */; };
		ED2736F7929E4F65B32985CC /* Lobster-Regular.ttf in Resources */ = {isa = PBXBuildFile; fileRef = 34CB55D463DF42EF89F4D83C /* Lobster-Regular.ttf */; };
		96E34C5DA2B34385B805985B /* Pacifico-Regular.ttf in Resources */ = {isa = PBXBuildFile; fileRef = A0D738A02F4A4D608ED85948 /* Pacifico-Regular.ttf */; };
		FFE3EEFC057D4793BAFA8A66 /* Parisienne-Regular.ttf in Resources */ = {isa = PBXBuildFile; fileRef = FEA764A77F3344469D50EE65 /* Parisienne-Regular.ttf */; };
		573BFB3CB6B04656B6D5E728 /* Vazir-Black.ttf in Resources */ = {isa = PBXBuildFile; fileRef = 98ACC7C3123048A989C46034 /* Vazir-Black.ttf */; };
		4B4FD8022333453B87536F23 /* Vazir-Black.woff in Resources */ = {isa = PBXBuildFile; fileRef = 9736507D502647479B9FE579 /* Vazir-Black.woff */; };
		9C2D4104AC9C45B48CAE9A6F /* Vazir-Black.woff2 in Resources */ = {isa = PBXBuildFile; fileRef = 1ED112A74DAA485FA3746840 /* Vazir-Black.woff2 */; };
		F6D585D03D2644C68438AD16 /* Vazir.ttf in Resources */ = {isa = PBXBuildFile; fileRef = F687CF9AEF6A4744A939A1D5 /* Vazir.ttf */; };
		7758958076A247AFB990F683 /* Vazir.woff in Resources */ = {isa = PBXBuildFile; fileRef = C5998A239C654602AA2F733F /* Vazir.woff */; };
		BE0678407DC14266AFAA6DBD /* Vazir.woff2 in Resources */ = {isa = PBXBuildFile; fileRef = 73F3F696116C453A99A64207 /* Vazir.woff2 */; };
		73E5B512620D434089C03549 /* AntDesign.ttf in Resources */ = {isa = PBXBuildFile; fileRef = 19CD0BC424094EDD9912272E /* AntDesign.ttf */; };
		5BF3956E3E594A39B80CC11B /* Entypo.ttf in Resources */ = {isa = PBXBuildFile; fileRef = 4CA33AD15196431E829B257E /* Entypo.ttf */; };
		F1875BDF0F27436FABFF4E5A /* EvilIcons.ttf in Resources */ = {isa = PBXBuildFile; fileRef = BFDB9E256325472D9A67C4E2 /* EvilIcons.ttf */; };
		BF75DA3714644B96A73CF6E6 /* Feather.ttf in Resources */ = {isa = PBXBuildFile; fileRef = 99B3D93CB2F646C3AF944856 /* Feather.ttf */; };
		8634E47F40D941198FA5E528 /* FontAwesome.ttf in Resources */ = {isa = PBXBuildFile; fileRef = 47606BA79E6347AE865583C7 /* FontAwesome.ttf */; };
		58EF70081BA24EA591A0440A /* FontAwesome5_Brands.ttf in Resources */ = {isa = PBXBuildFile; fileRef = 48EA91BCA1CC40D6A75EDD95 /* FontAwesome5_Brands.ttf */; };
		9B1045552C404274B0B2F0CE /* FontAwesome5_Regular.ttf in Resources */ = {isa = PBXBuildFile; fileRef = C213253726CE418585CF0A29 /* FontAwesome5_Regular.ttf */; };
		C4A79F479D854EA8AE1070D9 /* FontAwesome5_Solid.ttf in Resources */ = {isa = PBXBuildFile; fileRef = E44DC4F550934CF788D147B2 /* FontAwesome5_Solid.ttf */; };
		083D7539D1D34613B657D471 /* Fontisto.ttf in Resources */ = {isa = PBXBuildFile; fileRef = B93E904C6BCC46429251ACDB /* Fontisto.ttf */; };
		61DD25239CFC4D839B05F401 /* Foundation.ttf in Resources */ = {isa = PBXBuildFile; fileRef = 73FC88B8B5A64B03AA93EBAC /* Foundation.ttf */; };
		5A133A4AB6074608B617AFCF /* Ionicons.ttf in Resources */ = {isa = PBXBuildFile; fileRef = 15AFC612CA204FF3A62CB693 /* Ionicons.ttf */; };
		2D4F25D0195E46C7964033E3 /* MaterialCommunityIcons.ttf in Resources */ = {isa = PBXBuildFile; fileRef = D7928C2BF31B409B8EF1D8D7 /* MaterialCommunityIcons.ttf */; };
		BCC2F8B67755486F95096350 /* MaterialIcons.ttf in Resources */ = {isa = PBXBuildFile; fileRef = 9DF37BBD6FA34464B200A6B5 /* MaterialIcons.ttf */; };
		9BAC33C69FCE4C46A71152CF /* Octicons.ttf in Resources */ = {isa = PBXBuildFile; fileRef = 96F93DF257C64304A0009151 /* Octicons.ttf */; };
		C54A777BD1F441E59C00407B /* Roboto_medium.ttf in Resources */ = {isa = PBXBuildFile; fileRef = D65EC8267FB344B88A498538 /* Roboto_medium.ttf */; };
		7F99BE41DD414337B1BB857A /* Roboto.ttf in Resources */ = {isa = PBXBuildFile; fileRef = D9AA3EB3E8B343D083E38257 /* Roboto.ttf */; };
		18CE9FFB579A48F6BD2CC4C4 /* rubicon-icon-font.ttf in Resources */ = {isa = PBXBuildFile; fileRef = E182A047704A487AA30B577B /* rubicon-icon-font.ttf */; };
		F76C333FAA4C4605BC3E1E31 /* SimpleLineIcons.ttf in Resources */ = {isa = PBXBuildFile; fileRef = 54E927E4CD174484AAFBB80E /* SimpleLineIcons.ttf */; };
		8486DF55BACE46269F503B5A /* Zocial.ttf in Resources */ = {isa = PBXBuildFile; fileRef = 5835E4911F194E8DA874C8BA /* Zocial.ttf */; };
/* End PBXBuildFile section */

/* Begin PBXContainerItemProxy section */
		00E356F41AD99517003FC87E /* PBXContainerItemProxy */ = {
			isa = PBXContainerItemProxy;
			containerPortal = 83CBB9F71A601CBA00E9B192 /* Project object */;
			proxyType = 1;
			remoteGlobalIDString = 13B07F861A680F5B00A75B9A;
			remoteInfo = Lawyer;
		};
		2D02E4911E0B4A5D006451C7 /* PBXContainerItemProxy */ = {
			isa = PBXContainerItemProxy;
			containerPortal = 83CBB9F71A601CBA00E9B192 /* Project object */;
			proxyType = 1;
			remoteGlobalIDString = 2D02E47A1E0B4A5D006451C7;
			remoteInfo = "Lawyer-tvOS";
		};
/* End PBXContainerItemProxy section */

/* Begin PBXFileReference section */
		008F07F21AC5B25A0029DE68 /* main.jsbundle */ = {isa = PBXFileReference; fileEncoding = 4; lastKnownFileType = text; path = main.jsbundle; sourceTree = "<group>"; };
		00E356EE1AD99517003FC87E /* LawyerTests.xctest */ = {isa = PBXFileReference; explicitFileType = wrapper.cfbundle; includeInIndex = 0; path = LawyerTests.xctest; sourceTree = BUILT_PRODUCTS_DIR; };
		00E356F11AD99517003FC87E /* Info.plist */ = {isa = PBXFileReference; lastKnownFileType = text.plist.xml; path = Info.plist; sourceTree = "<group>"; };
		00E356F21AD99517003FC87E /* LawyerTests.m */ = {isa = PBXFileReference; lastKnownFileType = sourcecode.c.objc; path = LawyerTests.m; sourceTree = "<group>"; };
		13B07F961A680F5B00A75B9A /* Lawyer.app */ = {isa = PBXFileReference; explicitFileType = wrapper.application; includeInIndex = 0; path = Lawyer.app; sourceTree = BUILT_PRODUCTS_DIR; };
		13B07FAF1A68108700A75B9A /* AppDelegate.h */ = {isa = PBXFileReference; fileEncoding = 4; lastKnownFileType = sourcecode.c.h; name = AppDelegate.h; path = Lawyer/AppDelegate.h; sourceTree = "<group>"; };
		13B07FB01A68108700A75B9A /* AppDelegate.m */ = {isa = PBXFileReference; fileEncoding = 4; lastKnownFileType = sourcecode.c.objc; name = AppDelegate.m; path = Lawyer/AppDelegate.m; sourceTree = "<group>"; };
		13B07FB51A68108700A75B9A /* Images.xcassets */ = {isa = PBXFileReference; lastKnownFileType = folder.assetcatalog; name = Images.xcassets; path = Lawyer/Images.xcassets; sourceTree = "<group>"; };
		13B07FB61A68108700A75B9A /* Info.plist */ = {isa = PBXFileReference; fileEncoding = 4; lastKnownFileType = text.plist.xml; name = Info.plist; path = Lawyer/Info.plist; sourceTree = "<group>"; };
		13B07FB71A68108700A75B9A /* main.m */ = {isa = PBXFileReference; fileEncoding = 4; lastKnownFileType = sourcecode.c.objc; name = main.m; path = Lawyer/main.m; sourceTree = "<group>"; };
		2D02E47B1E0B4A5D006451C7 /* Lawyer-tvOS.app */ = {isa = PBXFileReference; explicitFileType = wrapper.application; includeInIndex = 0; path = "Lawyer-tvOS.app"; sourceTree = BUILT_PRODUCTS_DIR; };
		2D02E4901E0B4A5D006451C7 /* Lawyer-tvOSTests.xctest */ = {isa = PBXFileReference; explicitFileType = wrapper.cfbundle; includeInIndex = 0; path = "Lawyer-tvOSTests.xctest"; sourceTree = BUILT_PRODUCTS_DIR; };
		81AB9BB72411601600AC10FF /* LaunchScreen.storyboard */ = {isa = PBXFileReference; fileEncoding = 4; lastKnownFileType = file.storyboard; name = LaunchScreen.storyboard; path = Lawyer/LaunchScreen.storyboard; sourceTree = "<group>"; };
		ED297162215061F000B7C4FE /* JavaScriptCore.framework */ = {isa = PBXFileReference; lastKnownFileType = wrapper.framework; name = JavaScriptCore.framework; path = System/Library/Frameworks/JavaScriptCore.framework; sourceTree = SDKROOT; };
		ED2971642150620600B7C4FE /* JavaScriptCore.framework */ = {isa = PBXFileReference; lastKnownFileType = wrapper.framework; name = JavaScriptCore.framework; path = Platforms/AppleTVOS.platform/Developer/SDKs/AppleTVOS12.0.sdk/System/Library/Frameworks/JavaScriptCore.framework; sourceTree = DEVELOPER_DIR; };
		092EB8AE94DC4BE987EEED54 /* Anton-Regular.ttf */ = {isa = PBXFileReference; name = "Anton-Regular.ttf"; path = "../assets/fonts/Anton-Regular.ttf"; sourceTree = "<group>"; fileEncoding = undefined; lastKnownFileType = unknown; explicitFileType = undefined; includeInIndex = 0; };
		A659894C93A64A33AC66B6B8 /* BalooBhaijaan-Regular.ttf */ = {isa = PBXFileReference; name = "BalooBhaijaan-Regular.ttf"; path = "../assets/fonts/BalooBhaijaan-Regular.ttf"; sourceTree = "<group>"; fileEncoding = undefined; lastKnownFileType = unknown; explicitFileType = undefined; includeInIndex = 0; };
		C7B04738367A4C80A4ECBB1F /* Damion-Regular.ttf */ = {isa = PBXFileReference; name = "Damion-Regular.ttf"; path = "../assets/fonts/Damion-Regular.ttf"; sourceTree = "<group>"; fileEncoding = undefined; lastKnownFileType = unknown; explicitFileType = undefined; includeInIndex = 0; };
		D31A99CA358A402FB7B0FB16 /* DancingScript-Bold.ttf */ = {isa = PBXFileReference; name = "DancingScript-Bold.ttf"; path = "../assets/fonts/DancingScript-Bold.ttf"; sourceTree = "<group>"; fileEncoding = undefined; lastKnownFileType = unknown; explicitFileType = undefined; includeInIndex = 0; };
		F12EF88B26644CD9978B3AA3 /* DancingScript-Medium.ttf */ = {isa = PBXFileReference; name = "DancingScript-Medium.ttf"; path = "../assets/fonts/DancingScript-Medium.ttf"; sourceTree = "<group>"; fileEncoding = undefined; lastKnownFileType = unknown; explicitFileType = undefined; includeInIndex = 0; };
		CEE4C867180C45DEB245134B /* DancingScript-Regular.ttf */ = {isa = PBXFileReference; name = "DancingScript-Regular.ttf"; path = "../assets/fonts/DancingScript-Regular.ttf"; sourceTree = "<group>"; fileEncoding = undefined; lastKnownFileType = unknown; explicitFileType = undefined; includeInIndex = 0; };
		584CAF0D4ACD4462904154F3 /* DancingScript-SemiBold.ttf */ = {isa = PBXFileReference; name = "DancingScript-SemiBold.ttf"; path = "../assets/fonts/DancingScript-SemiBold.ttf"; sourceTree = "<group>"; fileEncoding = undefined; lastKnownFileType = unknown; explicitFileType = undefined; includeInIndex = 0; };
		9701D41AED824ED1AD8DE8CF /* DancingScript-VariableFont_wght.ttf */ = {isa = PBXFileReference; name = "DancingScript-VariableFont_wght.ttf"; path = "../assets/fonts/DancingScript-VariableFont_wght.ttf"; sourceTree = "<group>"; fileEncoding = undefined; lastKnownFileType = unknown; explicitFileType = undefined; includeInIndex = 0; };
		C89EE75AF60C4D2C889ECE34 /* DancingScript.ttf */ = {isa = PBXFileReference; name = "DancingScript.ttf"; path = "../assets/fonts/DancingScript.ttf"; sourceTree = "<group>"; fileEncoding = undefined; lastKnownFileType = unknown; explicitFileType = undefined; includeInIndex = 0; };
		4BDC1405C4F745F49A3204D0 /* Far_Aref.ttf */ = {isa = PBXFileReference; name = "Far_Aref.ttf"; path = "../assets/fonts/Far_Aref.ttf"; sourceTree = "<group>"; fileEncoding = undefined; lastKnownFileType = unknown; explicitFileType = undefined; includeInIndex = 0; };
		C27D7A2C101046DD9DBB982C /* GreatVibes-Regular.ttf */ = {isa = PBXFileReference; name = "GreatVibes-Regular.ttf"; path = "../assets/fonts/GreatVibes-Regular.ttf"; sourceTree = "<group>"; fileEncoding = undefined; lastKnownFileType = unknown; explicitFileType = undefined; includeInIndex = 0; };
		DAA6A3A87FC04E3AA0BE018D /* Iranian Sans.ttf */ = {isa = PBXFileReference; name = "Iranian Sans.ttf"; path = "../assets/fonts/Iranian Sans.ttf"; sourceTree = "<group>"; fileEncoding = undefined; lastKnownFileType = unknown; explicitFileType = undefined; includeInIndex = 0; };
		58A040E591404CBEB5E7DEA5 /* IRANSansMobile_Black.ttf */ = {isa = PBXFileReference; name = "IRANSansMobile_Black.ttf"; path = "../assets/fonts/IRANSansMobile_Black.ttf"; sourceTree = "<group>"; fileEncoding = undefined; lastKnownFileType = unknown; explicitFileType = undefined; includeInIndex = 0; };
		C0F1A0EA9F2441639F6CA95B /* IRANSansMobile_Bold.ttf */ = {isa = PBXFileReference; name = "IRANSansMobile_Bold.ttf"; path = "../assets/fonts/IRANSansMobile_Bold.ttf"; sourceTree = "<group>"; fileEncoding = undefined; lastKnownFileType = unknown; explicitFileType = undefined; includeInIndex = 0; };
		569ABA3950B549EB822FDC8B /* IRANSansMobile_Light.ttf */ = {isa = PBXFileReference; name = "IRANSansMobile_Light.ttf"; path = "../assets/fonts/IRANSansMobile_Light.ttf"; sourceTree = "<group>"; fileEncoding = undefined; lastKnownFileType = unknown; explicitFileType = undefined; includeInIndex = 0; };
		9F0E766C24724EE1B4D5AAB6 /* IRANSansMobile_Medium.ttf */ = {isa = PBXFileReference; name = "IRANSansMobile_Medium.ttf"; path = "../assets/fonts/IRANSansMobile_Medium.ttf"; sourceTree = "<group>"; fileEncoding = undefined; lastKnownFileType = unknown; explicitFileType = undefined; includeInIndex = 0; };
		065CA08F4241475D8D5F2607 /* IRANSansMobile_UltraLight.ttf */ = {isa = PBXFileReference; name = "IRANSansMobile_UltraLight.ttf"; path = "../assets/fonts/IRANSansMobile_UltraLight.ttf"; sourceTree = "<group>"; fileEncoding = undefined; lastKnownFileType = unknown; explicitFileType = undefined; includeInIndex = 0; };
		8305A172200544B19CE64F51 /* IRANSansMobile.ttf */ = {isa = PBXFileReference; name = "IRANSansMobile.ttf"; path = "../assets/fonts/IRANSansMobile.ttf"; sourceTree = "<group>"; fileEncoding = undefined; lastKnownFileType = unknown; explicitFileType = undefined; includeInIndex = 0; };
		E9E6034A84524AFD9CF033EA /* IRANSansMobile(FaNum)_Black.ttf */ = {isa = PBXFileReference; name = "IRANSansMobile(FaNum)_Black.ttf"; path = "../assets/fonts/IRANSansMobile(FaNum)_Black.ttf"; sourceTree = "<group>"; fileEncoding = undefined; lastKnownFileType = unknown; explicitFileType = undefined; includeInIndex = 0; };
		B128CB95304B4F79958EDCC5 /* IRANSansMobile(FaNum)_Bold.ttf */ = {isa = PBXFileReference; name = "IRANSansMobile(FaNum)_Bold.ttf"; path = "../assets/fonts/IRANSansMobile(FaNum)_Bold.ttf"; sourceTree = "<group>"; fileEncoding = undefined; lastKnownFileType = unknown; explicitFileType = undefined; includeInIndex = 0; };
		989103F072CC4F6C97A38050 /* IRANSansMobile(FaNum)_Light.ttf */ = {isa = PBXFileReference; name = "IRANSansMobile(FaNum)_Light.ttf"; path = "../assets/fonts/IRANSansMobile(FaNum)_Light.ttf"; sourceTree = "<group>"; fileEncoding = undefined; lastKnownFileType = unknown; explicitFileType = undefined; includeInIndex = 0; };
		0FAF23DA5F2D4C6D85D30C65 /* IRANSansMobile(FaNum)_Medium.ttf */ = {isa = PBXFileReference; name = "IRANSansMobile(FaNum)_Medium.ttf"; path = "../assets/fonts/IRANSansMobile(FaNum)_Medium.ttf"; sourceTree = "<group>"; fileEncoding = undefined; lastKnownFileType = unknown; explicitFileType = undefined; includeInIndex = 0; };
		307A50EB4AD74783821B2108 /* IRANSansMobile(FaNum)_UltraLight.ttf */ = {isa = PBXFileReference; name = "IRANSansMobile(FaNum)_UltraLight.ttf"; path = "../assets/fonts/IRANSansMobile(FaNum)_UltraLight.ttf"; sourceTree = "<group>"; fileEncoding = undefined; lastKnownFileType = unknown; explicitFileType = undefined; includeInIndex = 0; };
		BD6F628A93F74984A9819509 /* IRANSansMobile(FaNum).ttf */ = {isa = PBXFileReference; name = "IRANSansMobile(FaNum).ttf"; path = "../assets/fonts/IRANSansMobile(FaNum).ttf"; sourceTree = "<group>"; fileEncoding = undefined; lastKnownFileType = unknown; explicitFileType = undefined; includeInIndex = 0; };
		A5640F44EFA7448F95A91BC3 /* JimNightshade-Regular.ttf */ = {isa = PBXFileReference; name = "JimNightshade-Regular.ttf"; path = "../assets/fonts/JimNightshade-Regular.ttf"; sourceTree = "<group>"; fileEncoding = undefined; lastKnownFileType = unknown; explicitFileType = undefined; includeInIndex = 0; };
		C400C856C9D947F59BC06B40 /* Lalezar-Regular.ttf */ = {isa = PBXFileReference; name = "Lalezar-Regular.ttf"; path = "../assets/fonts/Lalezar-Regular.ttf"; sourceTree = "<group>"; fileEncoding = undefined; lastKnownFileType = unknown; explicitFileType = undefined; includeInIndex = 0; };
		34CB55D463DF42EF89F4D83C /* Lobster-Regular.ttf */ = {isa = PBXFileReference; name = "Lobster-Regular.ttf"; path = "../assets/fonts/Lobster-Regular.ttf"; sourceTree = "<group>"; fileEncoding = undefined; lastKnownFileType = unknown; explicitFileType = undefined; includeInIndex = 0; };
		A0D738A02F4A4D608ED85948 /* Pacifico-Regular.ttf */ = {isa = PBXFileReference; name = "Pacifico-Regular.ttf"; path = "../assets/fonts/Pacifico-Regular.ttf"; sourceTree = "<group>"; fileEncoding = undefined; lastKnownFileType = unknown; explicitFileType = undefined; includeInIndex = 0; };
		FEA764A77F3344469D50EE65 /* Parisienne-Regular.ttf */ = {isa = PBXFileReference; name = "Parisienne-Regular.ttf"; path = "../assets/fonts/Parisienne-Regular.ttf"; sourceTree = "<group>"; fileEncoding = undefined; lastKnownFileType = unknown; explicitFileType = undefined; includeInIndex = 0; };
		98ACC7C3123048A989C46034 /* Vazir-Black.ttf */ = {isa = PBXFileReference; name = "Vazir-Black.ttf"; path = "../assets/fonts/Vazir-Black.ttf"; sourceTree = "<group>"; fileEncoding = undefined; lastKnownFileType = unknown; explicitFileType = undefined; includeInIndex = 0; };
		9736507D502647479B9FE579 /* Vazir-Black.woff */ = {isa = PBXFileReference; name = "Vazir-Black.woff"; path = "../assets/fonts/Vazir-Black.woff"; sourceTree = "<group>"; fileEncoding = undefined; lastKnownFileType = unknown; explicitFileType = undefined; includeInIndex = 0; };
		1ED112A74DAA485FA3746840 /* Vazir-Black.woff2 */ = {isa = PBXFileReference; name = "Vazir-Black.woff2"; path = "../assets/fonts/Vazir-Black.woff2"; sourceTree = "<group>"; fileEncoding = undefined; lastKnownFileType = unknown; explicitFileType = undefined; includeInIndex = 0; };
		F687CF9AEF6A4744A939A1D5 /* Vazir.ttf */ = {isa = PBXFileReference; name = "Vazir.ttf"; path = "../assets/fonts/Vazir.ttf"; sourceTree = "<group>"; fileEncoding = undefined; lastKnownFileType = unknown; explicitFileType = undefined; includeInIndex = 0; };
		C5998A239C654602AA2F733F /* Vazir.woff */ = {isa = PBXFileReference; name = "Vazir.woff"; path = "../assets/fonts/Vazir.woff"; sourceTree = "<group>"; fileEncoding = undefined; lastKnownFileType = unknown; explicitFileType = undefined; includeInIndex = 0; };
		73F3F696116C453A99A64207 /* Vazir.woff2 */ = {isa = PBXFileReference; name = "Vazir.woff2"; path = "../assets/fonts/Vazir.woff2"; sourceTree = "<group>"; fileEncoding = undefined; lastKnownFileType = unknown; explicitFileType = undefined; includeInIndex = 0; };
		19CD0BC424094EDD9912272E /* AntDesign.ttf */ = {isa = PBXFileReference; name = "AntDesign.ttf"; path = "../node_modules/native-base/Fonts/AntDesign.ttf"; sourceTree = "<group>"; fileEncoding = undefined; lastKnownFileType = unknown; explicitFileType = undefined; includeInIndex = 0; };
		4CA33AD15196431E829B257E /* Entypo.ttf */ = {isa = PBXFileReference; name = "Entypo.ttf"; path = "../node_modules/native-base/Fonts/Entypo.ttf"; sourceTree = "<group>"; fileEncoding = undefined; lastKnownFileType = unknown; explicitFileType = undefined; includeInIndex = 0; };
		BFDB9E256325472D9A67C4E2 /* EvilIcons.ttf */ = {isa = PBXFileReference; name = "EvilIcons.ttf"; path = "../node_modules/native-base/Fonts/EvilIcons.ttf"; sourceTree = "<group>"; fileEncoding = undefined; lastKnownFileType = unknown; explicitFileType = undefined; includeInIndex = 0; };
		99B3D93CB2F646C3AF944856 /* Feather.ttf */ = {isa = PBXFileReference; name = "Feather.ttf"; path = "../node_modules/native-base/Fonts/Feather.ttf"; sourceTree = "<group>"; fileEncoding = undefined; lastKnownFileType = unknown; explicitFileType = undefined; includeInIndex = 0; };
		47606BA79E6347AE865583C7 /* FontAwesome.ttf */ = {isa = PBXFileReference; name = "FontAwesome.ttf"; path = "../node_modules/native-base/Fonts/FontAwesome.ttf"; sourceTree = "<group>"; fileEncoding = undefined; lastKnownFileType = unknown; explicitFileType = undefined; includeInIndex = 0; };
		48EA91BCA1CC40D6A75EDD95 /* FontAwesome5_Brands.ttf */ = {isa = PBXFileReference; name = "FontAwesome5_Brands.ttf"; path = "../node_modules/native-base/Fonts/FontAwesome5_Brands.ttf"; sourceTree = "<group>"; fileEncoding = undefined; lastKnownFileType = unknown; explicitFileType = undefined; includeInIndex = 0; };
		C213253726CE418585CF0A29 /* FontAwesome5_Regular.ttf */ = {isa = PBXFileReference; name = "FontAwesome5_Regular.ttf"; path = "../node_modules/native-base/Fonts/FontAwesome5_Regular.ttf"; sourceTree = "<group>"; fileEncoding = undefined; lastKnownFileType = unknown; explicitFileType = undefined; includeInIndex = 0; };
		E44DC4F550934CF788D147B2 /* FontAwesome5_Solid.ttf */ = {isa = PBXFileReference; name = "FontAwesome5_Solid.ttf"; path = "../node_modules/native-base/Fonts/FontAwesome5_Solid.ttf"; sourceTree = "<group>"; fileEncoding = undefined; lastKnownFileType = unknown; explicitFileType = undefined; includeInIndex = 0; };
		B93E904C6BCC46429251ACDB /* Fontisto.ttf */ = {isa = PBXFileReference; name = "Fontisto.ttf"; path = "../node_modules/native-base/Fonts/Fontisto.ttf"; sourceTree = "<group>"; fileEncoding = undefined; lastKnownFileType = unknown; explicitFileType = undefined; includeInIndex = 0; };
		73FC88B8B5A64B03AA93EBAC /* Foundation.ttf */ = {isa = PBXFileReference; name = "Foundation.ttf"; path = "../node_modules/native-base/Fonts/Foundation.ttf"; sourceTree = "<group>"; fileEncoding = undefined; lastKnownFileType = unknown; explicitFileType = undefined; includeInIndex = 0; };
		15AFC612CA204FF3A62CB693 /* Ionicons.ttf */ = {isa = PBXFileReference; name = "Ionicons.ttf"; path = "../node_modules/native-base/Fonts/Ionicons.ttf"; sourceTree = "<group>"; fileEncoding = undefined; lastKnownFileType = unknown; explicitFileType = undefined; includeInIndex = 0; };
		D7928C2BF31B409B8EF1D8D7 /* MaterialCommunityIcons.ttf */ = {isa = PBXFileReference; name = "MaterialCommunityIcons.ttf"; path = "../node_modules/native-base/Fonts/MaterialCommunityIcons.ttf"; sourceTree = "<group>"; fileEncoding = undefined; lastKnownFileType = unknown; explicitFileType = undefined; includeInIndex = 0; };
		9DF37BBD6FA34464B200A6B5 /* MaterialIcons.ttf */ = {isa = PBXFileReference; name = "MaterialIcons.ttf"; path = "../node_modules/native-base/Fonts/MaterialIcons.ttf"; sourceTree = "<group>"; fileEncoding = undefined; lastKnownFileType = unknown; explicitFileType = undefined; includeInIndex = 0; };
		96F93DF257C64304A0009151 /* Octicons.ttf */ = {isa = PBXFileReference; name = "Octicons.ttf"; path = "../node_modules/native-base/Fonts/Octicons.ttf"; sourceTree = "<group>"; fileEncoding = undefined; lastKnownFileType = unknown; explicitFileType = undefined; includeInIndex = 0; };
		D65EC8267FB344B88A498538 /* Roboto_medium.ttf */ = {isa = PBXFileReference; name = "Roboto_medium.ttf"; path = "../node_modules/native-base/Fonts/Roboto_medium.ttf"; sourceTree = "<group>"; fileEncoding = undefined; lastKnownFileType = unknown; explicitFileType = undefined; includeInIndex = 0; };
		D9AA3EB3E8B343D083E38257 /* Roboto.ttf */ = {isa = PBXFileReference; name = "Roboto.ttf"; path = "../node_modules/native-base/Fonts/Roboto.ttf"; sourceTree = "<group>"; fileEncoding = undefined; lastKnownFileType = unknown; explicitFileType = undefined; includeInIndex = 0; };
		E182A047704A487AA30B577B /* rubicon-icon-font.ttf */ = {isa = PBXFileReference; name = "rubicon-icon-font.ttf"; path = "../node_modules/native-base/Fonts/rubicon-icon-font.ttf"; sourceTree = "<group>"; fileEncoding = undefined; lastKnownFileType = unknown; explicitFileType = undefined; includeInIndex = 0; };
		54E927E4CD174484AAFBB80E /* SimpleLineIcons.ttf */ = {isa = PBXFileReference; name = "SimpleLineIcons.ttf"; path = "../node_modules/native-base/Fonts/SimpleLineIcons.ttf"; sourceTree = "<group>"; fileEncoding = undefined; lastKnownFileType = unknown; explicitFileType = undefined; includeInIndex = 0; };
		5835E4911F194E8DA874C8BA /* Zocial.ttf */ = {isa = PBXFileReference; name = "Zocial.ttf"; path = "../node_modules/native-base/Fonts/Zocial.ttf"; sourceTree = "<group>"; fileEncoding = undefined; lastKnownFileType = unknown; explicitFileType = undefined; includeInIndex = 0; };
/* End PBXFileReference section */

/* Begin PBXFrameworksBuildPhase section */
		00E356EB1AD99517003FC87E /* Frameworks */ = {
			isa = PBXFrameworksBuildPhase;
			buildActionMask = 2147483647;
			files = (
			);
			runOnlyForDeploymentPostprocessing = 0;
		};
		13B07F8C1A680F5B00A75B9A /* Frameworks */ = {
			isa = PBXFrameworksBuildPhase;
			buildActionMask = 2147483647;
			files = (
			);
			runOnlyForDeploymentPostprocessing = 0;
		};
		2D02E4781E0B4A5D006451C7 /* Frameworks */ = {
			isa = PBXFrameworksBuildPhase;
			buildActionMask = 2147483647;
			files = (
			);
			runOnlyForDeploymentPostprocessing = 0;
		};
		2D02E48D1E0B4A5D006451C7 /* Frameworks */ = {
			isa = PBXFrameworksBuildPhase;
			buildActionMask = 2147483647;
			files = (
			);
			runOnlyForDeploymentPostprocessing = 0;
		};
/* End PBXFrameworksBuildPhase section */

/* Begin PBXGroup section */
		00E356EF1AD99517003FC87E /* LawyerTests */ = {
			isa = PBXGroup;
			children = (
				00E356F21AD99517003FC87E /* LawyerTests.m */,
				00E356F01AD99517003FC87E /* Supporting Files */,
			);
			path = LawyerTests;
			sourceTree = "<group>";
		};
		00E356F01AD99517003FC87E /* Supporting Files */ = {
			isa = PBXGroup;
			children = (
				00E356F11AD99517003FC87E /* Info.plist */,
			);
			name = "Supporting Files";
			sourceTree = "<group>";
		};
		13B07FAE1A68108700A75B9A /* Lawyer */ = {
			isa = PBXGroup;
			children = (
				008F07F21AC5B25A0029DE68 /* main.jsbundle */,
				13B07FAF1A68108700A75B9A /* AppDelegate.h */,
				13B07FB01A68108700A75B9A /* AppDelegate.m */,
				13B07FB51A68108700A75B9A /* Images.xcassets */,
				13B07FB61A68108700A75B9A /* Info.plist */,
				81AB9BB72411601600AC10FF /* LaunchScreen.storyboard */,
				13B07FB71A68108700A75B9A /* main.m */,
			);
			name = Lawyer;
			sourceTree = "<group>";
		};
		2D16E6871FA4F8E400B85C8A /* Frameworks */ = {
			isa = PBXGroup;
			children = (
				ED297162215061F000B7C4FE /* JavaScriptCore.framework */,
				ED2971642150620600B7C4FE /* JavaScriptCore.framework */,
			);
			name = Frameworks;
			sourceTree = "<group>";
		};
		832341AE1AAA6A7D00B99B32 /* Libraries */ = {
			isa = PBXGroup;
			children = (
			);
			name = Libraries;
			sourceTree = "<group>";
		};
		83CBB9F61A601CBA00E9B192 = {
			isa = PBXGroup;
			children = (
				13B07FAE1A68108700A75B9A /* Lawyer */,
				832341AE1AAA6A7D00B99B32 /* Libraries */,
				00E356EF1AD99517003FC87E /* LawyerTests */,
				83CBBA001A601CBA00E9B192 /* Products */,
				2D16E6871FA4F8E400B85C8A /* Frameworks */,
				DFE5AE071E47408DAA877024 /* Resources */,
			);
			indentWidth = 2;
			sourceTree = "<group>";
			tabWidth = 2;
			usesTabs = 0;
		};
		83CBBA001A601CBA00E9B192 /* Products */ = {
			isa = PBXGroup;
			children = (
				13B07F961A680F5B00A75B9A /* Lawyer.app */,
				00E356EE1AD99517003FC87E /* LawyerTests.xctest */,
				2D02E47B1E0B4A5D006451C7 /* Lawyer-tvOS.app */,
				2D02E4901E0B4A5D006451C7 /* Lawyer-tvOSTests.xctest */,
			);
			name = Products;
			sourceTree = "<group>";
		};
		DFE5AE071E47408DAA877024 /* Resources */ = {
			isa = "PBXGroup";
			children = (
				092EB8AE94DC4BE987EEED54 /* Anton-Regular.ttf */,
				A659894C93A64A33AC66B6B8 /* BalooBhaijaan-Regular.ttf */,
				C7B04738367A4C80A4ECBB1F /* Damion-Regular.ttf */,
				D31A99CA358A402FB7B0FB16 /* DancingScript-Bold.ttf */,
				F12EF88B26644CD9978B3AA3 /* DancingScript-Medium.ttf */,
				CEE4C867180C45DEB245134B /* DancingScript-Regular.ttf */,
				584CAF0D4ACD4462904154F3 /* DancingScript-SemiBold.ttf */,
				9701D41AED824ED1AD8DE8CF /* DancingScript-VariableFont_wght.ttf */,
				C89EE75AF60C4D2C889ECE34 /* DancingScript.ttf */,
				4BDC1405C4F745F49A3204D0 /* Far_Aref.ttf */,
				C27D7A2C101046DD9DBB982C /* GreatVibes-Regular.ttf */,
				DAA6A3A87FC04E3AA0BE018D /* Iranian Sans.ttf */,
				58A040E591404CBEB5E7DEA5 /* IRANSansMobile_Black.ttf */,
				C0F1A0EA9F2441639F6CA95B /* IRANSansMobile_Bold.ttf */,
				569ABA3950B549EB822FDC8B /* IRANSansMobile_Light.ttf */,
				9F0E766C24724EE1B4D5AAB6 /* IRANSansMobile_Medium.ttf */,
				065CA08F4241475D8D5F2607 /* IRANSansMobile_UltraLight.ttf */,
				8305A172200544B19CE64F51 /* IRANSansMobile.ttf */,
				E9E6034A84524AFD9CF033EA /* IRANSansMobile(FaNum)_Black.ttf */,
				B128CB95304B4F79958EDCC5 /* IRANSansMobile(FaNum)_Bold.ttf */,
				989103F072CC4F6C97A38050 /* IRANSansMobile(FaNum)_Light.ttf */,
				0FAF23DA5F2D4C6D85D30C65 /* IRANSansMobile(FaNum)_Medium.ttf */,
				307A50EB4AD74783821B2108 /* IRANSansMobile(FaNum)_UltraLight.ttf */,
				BD6F628A93F74984A9819509 /* IRANSansMobile(FaNum).ttf */,
				A5640F44EFA7448F95A91BC3 /* JimNightshade-Regular.ttf */,
				C400C856C9D947F59BC06B40 /* Lalezar-Regular.ttf */,
				34CB55D463DF42EF89F4D83C /* Lobster-Regular.ttf */,
				A0D738A02F4A4D608ED85948 /* Pacifico-Regular.ttf */,
				FEA764A77F3344469D50EE65 /* Parisienne-Regular.ttf */,
				98ACC7C3123048A989C46034 /* Vazir-Black.ttf */,
				9736507D502647479B9FE579 /* Vazir-Black.woff */,
				1ED112A74DAA485FA3746840 /* Vazir-Black.woff2 */,
				F687CF9AEF6A4744A939A1D5 /* Vazir.ttf */,
				C5998A239C654602AA2F733F /* Vazir.woff */,
				73F3F696116C453A99A64207 /* Vazir.woff2 */,
				19CD0BC424094EDD9912272E /* AntDesign.ttf */,
				4CA33AD15196431E829B257E /* Entypo.ttf */,
				BFDB9E256325472D9A67C4E2 /* EvilIcons.ttf */,
				99B3D93CB2F646C3AF944856 /* Feather.ttf */,
				47606BA79E6347AE865583C7 /* FontAwesome.ttf */,
				48EA91BCA1CC40D6A75EDD95 /* FontAwesome5_Brands.ttf */,
				C213253726CE418585CF0A29 /* FontAwesome5_Regular.ttf */,
				E44DC4F550934CF788D147B2 /* FontAwesome5_Solid.ttf */,
				B93E904C6BCC46429251ACDB /* Fontisto.ttf */,
				73FC88B8B5A64B03AA93EBAC /* Foundation.ttf */,
				15AFC612CA204FF3A62CB693 /* Ionicons.ttf */,
				D7928C2BF31B409B8EF1D8D7 /* MaterialCommunityIcons.ttf */,
				9DF37BBD6FA34464B200A6B5 /* MaterialIcons.ttf */,
				96F93DF257C64304A0009151 /* Octicons.ttf */,
				D65EC8267FB344B88A498538 /* Roboto_medium.ttf */,
				D9AA3EB3E8B343D083E38257 /* Roboto.ttf */,
				E182A047704A487AA30B577B /* rubicon-icon-font.ttf */,
				54E927E4CD174484AAFBB80E /* SimpleLineIcons.ttf */,
				5835E4911F194E8DA874C8BA /* Zocial.ttf */,
			);
			name = Resources;
			sourceTree = "<group>";
			path = "";
		};
/* End PBXGroup section */

/* Begin PBXNativeTarget section */
		00E356ED1AD99517003FC87E /* LawyerTests */ = {
			isa = PBXNativeTarget;
			buildConfigurationList = 00E357021AD99517003FC87E /* Build configuration list for PBXNativeTarget "LawyerTests" */;
			buildPhases = (
				00E356EA1AD99517003FC87E /* Sources */,
				00E356EB1AD99517003FC87E /* Frameworks */,
				00E356EC1AD99517003FC87E /* Resources */,
			);
			buildRules = (
			);
			dependencies = (
				00E356F51AD99517003FC87E /* PBXTargetDependency */,
			);
			name = LawyerTests;
			productName = LawyerTests;
			productReference = 00E356EE1AD99517003FC87E /* LawyerTests.xctest */;
			productType = "com.apple.product-type.bundle.unit-test";
		};
		13B07F861A680F5B00A75B9A /* Lawyer */ = {
			isa = PBXNativeTarget;
			buildConfigurationList = 13B07F931A680F5B00A75B9A /* Build configuration list for PBXNativeTarget "Lawyer" */;
			buildPhases = (
				FD10A7F022414F080027D42C /* Start Packager */,
				13B07F871A680F5B00A75B9A /* Sources */,
				13B07F8C1A680F5B00A75B9A /* Frameworks */,
				13B07F8E1A680F5B00A75B9A /* Resources */,
				00DD1BFF1BD5951E006B06BC /* Bundle React Native code and images */,
			);
			buildRules = (
			);
			dependencies = (
			);
			name = Lawyer;
			productName = Lawyer;
			productReference = 13B07F961A680F5B00A75B9A /* Lawyer.app */;
			productType = "com.apple.product-type.application";
		};
		2D02E47A1E0B4A5D006451C7 /* Lawyer-tvOS */ = {
			isa = PBXNativeTarget;
			buildConfigurationList = 2D02E4BA1E0B4A5E006451C7 /* Build configuration list for PBXNativeTarget "Lawyer-tvOS" */;
			buildPhases = (
				FD10A7F122414F3F0027D42C /* Start Packager */,
				2D02E4771E0B4A5D006451C7 /* Sources */,
				2D02E4781E0B4A5D006451C7 /* Frameworks */,
				2D02E4791E0B4A5D006451C7 /* Resources */,
				2D02E4CB1E0B4B27006451C7 /* Bundle React Native Code And Images */,
			);
			buildRules = (
			);
			dependencies = (
			);
			name = "Lawyer-tvOS";
			productName = "Lawyer-tvOS";
			productReference = 2D02E47B1E0B4A5D006451C7 /* Lawyer-tvOS.app */;
			productType = "com.apple.product-type.application";
		};
		2D02E48F1E0B4A5D006451C7 /* Lawyer-tvOSTests */ = {
			isa = PBXNativeTarget;
			buildConfigurationList = 2D02E4BB1E0B4A5E006451C7 /* Build configuration list for PBXNativeTarget "Lawyer-tvOSTests" */;
			buildPhases = (
				2D02E48C1E0B4A5D006451C7 /* Sources */,
				2D02E48D1E0B4A5D006451C7 /* Frameworks */,
				2D02E48E1E0B4A5D006451C7 /* Resources */,
			);
			buildRules = (
			);
			dependencies = (
				2D02E4921E0B4A5D006451C7 /* PBXTargetDependency */,
			);
			name = "Lawyer-tvOSTests";
			productName = "Lawyer-tvOSTests";
			productReference = 2D02E4901E0B4A5D006451C7 /* Lawyer-tvOSTests.xctest */;
			productType = "com.apple.product-type.bundle.unit-test";
		};
/* End PBXNativeTarget section */

/* Begin PBXProject section */
		83CBB9F71A601CBA00E9B192 /* Project object */ = {
			isa = PBXProject;
			attributes = {
				LastUpgradeCheck = 1130;
				TargetAttributes = {
					00E356ED1AD99517003FC87E = {
						CreatedOnToolsVersion = 6.2;
						TestTargetID = 13B07F861A680F5B00A75B9A;
					};
					13B07F861A680F5B00A75B9A = {
						LastSwiftMigration = 1120;
					};
					2D02E47A1E0B4A5D006451C7 = {
						CreatedOnToolsVersion = 8.2.1;
						ProvisioningStyle = Automatic;
					};
					2D02E48F1E0B4A5D006451C7 = {
						CreatedOnToolsVersion = 8.2.1;
						ProvisioningStyle = Automatic;
						TestTargetID = 2D02E47A1E0B4A5D006451C7;
					};
				};
			};
			buildConfigurationList = 83CBB9FA1A601CBA00E9B192 /* Build configuration list for PBXProject "Lawyer" */;
			compatibilityVersion = "Xcode 3.2";
			developmentRegion = en;
			hasScannedForEncodings = 0;
			knownRegions = (
				en,
				Base,
			);
			mainGroup = 83CBB9F61A601CBA00E9B192;
			productRefGroup = 83CBBA001A601CBA00E9B192 /* Products */;
			projectDirPath = "";
			projectRoot = "";
			targets = (
				13B07F861A680F5B00A75B9A /* Lawyer */,
				00E356ED1AD99517003FC87E /* LawyerTests */,
				2D02E47A1E0B4A5D006451C7 /* Lawyer-tvOS */,
				2D02E48F1E0B4A5D006451C7 /* Lawyer-tvOSTests */,
			);
		};
/* End PBXProject section */

/* Begin PBXResourcesBuildPhase section */
		00E356EC1AD99517003FC87E /* Resources */ = {
			isa = PBXResourcesBuildPhase;
			buildActionMask = 2147483647;
			files = (
			);
			runOnlyForDeploymentPostprocessing = 0;
		};
		13B07F8E1A680F5B00A75B9A /* Resources */ = {
			isa = PBXResourcesBuildPhase;
			buildActionMask = 2147483647;
			files = (
				81AB9BB82411601600AC10FF /* LaunchScreen.storyboard in Resources */,
				13B07FBF1A68108700A75B9A /* Images.xcassets in Resources */,
				C25F21F09EE24D4EA60EF0E7 /* Anton-Regular.ttf in Resources */,
				F904531FDB7947978E81F821 /* BalooBhaijaan-Regular.ttf in Resources */,
				3A04BB2B0460445F96FC5F19 /* Damion-Regular.ttf in Resources */,
				8FDD220A5F9A449C94E7D096 /* DancingScript-Bold.ttf in Resources */,
				B508C0D013F94A4B9BC43BC1 /* DancingScript-Medium.ttf in Resources */,
				FB05C81AC4BC4A19BC057EB2 /* DancingScript-Regular.ttf in Resources */,
				89C1FA1B42364C4A877F5610 /* DancingScript-SemiBold.ttf in Resources */,
				F4C531ED6DFA4D10B8C09FA1 /* DancingScript-VariableFont_wght.ttf in Resources */,
				D70CE00DEBB140098A5C0E87 /* DancingScript.ttf in Resources */,
				3A1416B72D5E4B4FB2417FC2 /* Far_Aref.ttf in Resources */,
				7DB76DDF1EC44129B3AA7666 /* GreatVibes-Regular.ttf in Resources */,
				0270FB7D8DE141728BDED25C /* Iranian Sans.ttf in Resources */,
				1749A455E1FF4E82ABAE6DB1 /* IRANSansMobile_Black.ttf in Resources */,
				A7460B901ECD4DDE99C9E820 /* IRANSansMobile_Bold.ttf in Resources */,
				6734A913EE984A2CADDFD551 /* IRANSansMobile_Light.ttf in Resources */,
				6E2189C2A11C4695BA6B367C /* IRANSansMobile_Medium.ttf in Resources */,
				6C243CDD7D56416FAF1B9DD4 /* IRANSansMobile_UltraLight.ttf in Resources */,
				D94044E773CB40B39C27DFF1 /* IRANSansMobile.ttf in Resources */,
				541E0516E8644E65A61CCD8D /* IRANSansMobile(FaNum)_Black.ttf in Resources */,
				0CD7270B2B364E74905BA018 /* IRANSansMobile(FaNum)_Bold.ttf in Resources */,
				FA007421C5D140239F3BFCE4 /* IRANSansMobile(FaNum)_Light.ttf in Resources */,
				EEB7DABD131D43469AF7653F /* IRANSansMobile(FaNum)_Medium.ttf in Resources */,
				0619574620124D06A951F3F0 /* IRANSansMobile(FaNum)_UltraLight.ttf in Resources */,
				C7C3BC4B110949109CB45013 /* IRANSansMobile(FaNum).ttf in Resources */,
				9BDF2798BB6144A78545B775 /* JimNightshade-Regular.ttf in Resources */,
				37CE0EC5D24F44CDA9794EA0 /* Lalezar-Regular.ttf in Resources */,
				ED2736F7929E4F65B32985CC /* Lobster-Regular.ttf in Resources */,
				96E34C5DA2B34385B805985B /* Pacifico-Regular.ttf in Resources */,
				FFE3EEFC057D4793BAFA8A66 /* Parisienne-Regular.ttf in Resources */,
				573BFB3CB6B04656B6D5E728 /* Vazir-Black.ttf in Resources */,
				4B4FD8022333453B87536F23 /* Vazir-Black.woff in Resources */,
				9C2D4104AC9C45B48CAE9A6F /* Vazir-Black.woff2 in Resources */,
				F6D585D03D2644C68438AD16 /* Vazir.ttf in Resources */,
				7758958076A247AFB990F683 /* Vazir.woff in Resources */,
				BE0678407DC14266AFAA6DBD /* Vazir.woff2 in Resources */,
				73E5B512620D434089C03549 /* AntDesign.ttf in Resources */,
				5BF3956E3E594A39B80CC11B /* Entypo.ttf in Resources */,
				F1875BDF0F27436FABFF4E5A /* EvilIcons.ttf in Resources */,
				BF75DA3714644B96A73CF6E6 /* Feather.ttf in Resources */,
				8634E47F40D941198FA5E528 /* FontAwesome.ttf in Resources */,
				58EF70081BA24EA591A0440A /* FontAwesome5_Brands.ttf in Resources */,
				9B1045552C404274B0B2F0CE /* FontAwesome5_Regular.ttf in Resources */,
				C4A79F479D854EA8AE1070D9 /* FontAwesome5_Solid.ttf in Resources */,
				083D7539D1D34613B657D471 /* Fontisto.ttf in Resources */,
				61DD25239CFC4D839B05F401 /* Foundation.ttf in Resources */,
				5A133A4AB6074608B617AFCF /* Ionicons.ttf in Resources */,
				2D4F25D0195E46C7964033E3 /* MaterialCommunityIcons.ttf in Resources */,
				BCC2F8B67755486F95096350 /* MaterialIcons.ttf in Resources */,
				9BAC33C69FCE4C46A71152CF /* Octicons.ttf in Resources */,
				C54A777BD1F441E59C00407B /* Roboto_medium.ttf in Resources */,
				7F99BE41DD414337B1BB857A /* Roboto.ttf in Resources */,
				18CE9FFB579A48F6BD2CC4C4 /* rubicon-icon-font.ttf in Resources */,
				F76C333FAA4C4605BC3E1E31 /* SimpleLineIcons.ttf in Resources */,
				8486DF55BACE46269F503B5A /* Zocial.ttf in Resources */,
			);
			runOnlyForDeploymentPostprocessing = 0;
		};
		2D02E4791E0B4A5D006451C7 /* Resources */ = {
			isa = PBXResourcesBuildPhase;
			buildActionMask = 2147483647;
			files = (
				2D02E4BD1E0B4A84006451C7 /* Images.xcassets in Resources */,
			);
			runOnlyForDeploymentPostprocessing = 0;
		};
		2D02E48E1E0B4A5D006451C7 /* Resources */ = {
			isa = PBXResourcesBuildPhase;
			buildActionMask = 2147483647;
			files = (
			);
			runOnlyForDeploymentPostprocessing = 0;
		};
/* End PBXResourcesBuildPhase section */

/* Begin PBXShellScriptBuildPhase section */
		00DD1BFF1BD5951E006B06BC /* Bundle React Native code and images */ = {
			isa = PBXShellScriptBuildPhase;
			buildActionMask = 2147483647;
			files = (
			);
			inputPaths = (
			);
			name = "Bundle React Native code and images";
			outputPaths = (
			);
			runOnlyForDeploymentPostprocessing = 0;
			shellPath = /bin/sh;
			shellScript = "export NODE_BINARY=node\n../node_modules/react-native/scripts/react-native-xcode.sh";
		};
		2D02E4CB1E0B4B27006451C7 /* Bundle React Native Code And Images */ = {
			isa = PBXShellScriptBuildPhase;
			buildActionMask = 2147483647;
			files = (
			);
			inputPaths = (
			);
			name = "Bundle React Native Code And Images";
			outputPaths = (
			);
			runOnlyForDeploymentPostprocessing = 0;
			shellPath = /bin/sh;
			shellScript = "export NODE_BINARY=node\n../node_modules/react-native/scripts/react-native-xcode.sh";
		};
		FD10A7F022414F080027D42C /* Start Packager */ = {
			isa = PBXShellScriptBuildPhase;
			buildActionMask = 2147483647;
			files = (
			);
			inputFileListPaths = (
			);
			inputPaths = (
			);
			name = "Start Packager";
			outputFileListPaths = (
			);
			outputPaths = (
			);
			runOnlyForDeploymentPostprocessing = 0;
			shellPath = /bin/sh;
			shellScript = "export RCT_METRO_PORT=\"${RCT_METRO_PORT:=8081}\"\necho \"export RCT_METRO_PORT=${RCT_METRO_PORT}\" > \"${SRCROOT}/../node_modules/react-native/scripts/.packager.env\"\nif [ -z \"${RCT_NO_LAUNCH_PACKAGER+xxx}\" ] ; then\n  if nc -w 5 -z localhost ${RCT_METRO_PORT} ; then\n    if ! curl -s \"http://localhost:${RCT_METRO_PORT}/status\" | grep -q \"packager-status:running\" ; then\n      echo \"Port ${RCT_METRO_PORT} already in use, packager is either not running or not running correctly\"\n      exit 2\n    fi\n  else\n    open \"$SRCROOT/../node_modules/react-native/scripts/launchPackager.command\" || echo \"Can't start packager automatically\"\n  fi\nfi\n";
			showEnvVarsInLog = 0;
		};
		FD10A7F122414F3F0027D42C /* Start Packager */ = {
			isa = PBXShellScriptBuildPhase;
			buildActionMask = 2147483647;
			files = (
			);
			inputFileListPaths = (
			);
			inputPaths = (
			);
			name = "Start Packager";
			outputFileListPaths = (
			);
			outputPaths = (
			);
			runOnlyForDeploymentPostprocessing = 0;
			shellPath = /bin/sh;
			shellScript = "export RCT_METRO_PORT=\"${RCT_METRO_PORT:=8081}\"\necho \"export RCT_METRO_PORT=${RCT_METRO_PORT}\" > \"${SRCROOT}/../node_modules/react-native/scripts/.packager.env\"\nif [ -z \"${RCT_NO_LAUNCH_PACKAGER+xxx}\" ] ; then\n  if nc -w 5 -z localhost ${RCT_METRO_PORT} ; then\n    if ! curl -s \"http://localhost:${RCT_METRO_PORT}/status\" | grep -q \"packager-status:running\" ; then\n      echo \"Port ${RCT_METRO_PORT} already in use, packager is either not running or not running correctly\"\n      exit 2\n    fi\n  else\n    open \"$SRCROOT/../node_modules/react-native/scripts/launchPackager.command\" || echo \"Can't start packager automatically\"\n  fi\nfi\n";
			showEnvVarsInLog = 0;
		};
/* End PBXShellScriptBuildPhase section */

/* Begin PBXSourcesBuildPhase section */
		00E356EA1AD99517003FC87E /* Sources */ = {
			isa = PBXSourcesBuildPhase;
			buildActionMask = 2147483647;
			files = (
				00E356F31AD99517003FC87E /* LawyerTests.m in Sources */,
			);
			runOnlyForDeploymentPostprocessing = 0;
		};
		13B07F871A680F5B00A75B9A /* Sources */ = {
			isa = PBXSourcesBuildPhase;
			buildActionMask = 2147483647;
			files = (
				13B07FBC1A68108700A75B9A /* AppDelegate.m in Sources */,
				13B07FC11A68108700A75B9A /* main.m in Sources */,
			);
			runOnlyForDeploymentPostprocessing = 0;
		};
		2D02E4771E0B4A5D006451C7 /* Sources */ = {
			isa = PBXSourcesBuildPhase;
			buildActionMask = 2147483647;
			files = (
				2D02E4BF1E0B4AB3006451C7 /* main.m in Sources */,
				2D02E4BC1E0B4A80006451C7 /* AppDelegate.m in Sources */,
			);
			runOnlyForDeploymentPostprocessing = 0;
		};
		2D02E48C1E0B4A5D006451C7 /* Sources */ = {
			isa = PBXSourcesBuildPhase;
			buildActionMask = 2147483647;
			files = (
				2DCD954D1E0B4F2C00145EB5 /* LawyerTests.m in Sources */,
			);
			runOnlyForDeploymentPostprocessing = 0;
		};
/* End PBXSourcesBuildPhase section */

/* Begin PBXTargetDependency section */
		00E356F51AD99517003FC87E /* PBXTargetDependency */ = {
			isa = PBXTargetDependency;
			target = 13B07F861A680F5B00A75B9A /* Lawyer */;
			targetProxy = 00E356F41AD99517003FC87E /* PBXContainerItemProxy */;
		};
		2D02E4921E0B4A5D006451C7 /* PBXTargetDependency */ = {
			isa = PBXTargetDependency;
			target = 2D02E47A1E0B4A5D006451C7 /* Lawyer-tvOS */;
			targetProxy = 2D02E4911E0B4A5D006451C7 /* PBXContainerItemProxy */;
		};
/* End PBXTargetDependency section */

/* Begin XCBuildConfiguration section */
		00E356F61AD99517003FC87E /* Debug */ = {
			isa = XCBuildConfiguration;
			buildSettings = {
				BUNDLE_LOADER = "$(TEST_HOST)";
				GCC_PREPROCESSOR_DEFINITIONS = (
					"DEBUG=1",
					"$(inherited)",
				);
				INFOPLIST_FILE = LawyerTests/Info.plist;
				IPHONEOS_DEPLOYMENT_TARGET = 10.0;
				LD_RUNPATH_SEARCH_PATHS = "$(inherited) @executable_path/Frameworks @loader_path/Frameworks";
				OTHER_LDFLAGS = (
					"-ObjC",
					"-lc++",
					"$(inherited)",
				);
				PRODUCT_BUNDLE_IDENTIFIER = "org.reactjs.native.example.$(PRODUCT_NAME:rfc1034identifier)";
				PRODUCT_NAME = "$(TARGET_NAME)";
				TEST_HOST = "$(BUILT_PRODUCTS_DIR)/Lawyer.app/Lawyer";
			};
			name = Debug;
		};
		00E356F71AD99517003FC87E /* Release */ = {
			isa = XCBuildConfiguration;
			buildSettings = {
				BUNDLE_LOADER = "$(TEST_HOST)";
				COPY_PHASE_STRIP = NO;
				INFOPLIST_FILE = LawyerTests/Info.plist;
				IPHONEOS_DEPLOYMENT_TARGET = 10.0;
				LD_RUNPATH_SEARCH_PATHS = "$(inherited) @executable_path/Frameworks @loader_path/Frameworks";
				OTHER_LDFLAGS = (
					"-ObjC",
					"-lc++",
					"$(inherited)",
				);
				PRODUCT_BUNDLE_IDENTIFIER = "org.reactjs.native.example.$(PRODUCT_NAME:rfc1034identifier)";
				PRODUCT_NAME = "$(TARGET_NAME)";
				TEST_HOST = "$(BUILT_PRODUCTS_DIR)/Lawyer.app/Lawyer";
			};
			name = Release;
		};
		13B07F941A680F5B00A75B9A /* Debug */ = {
			isa = XCBuildConfiguration;
			buildSettings = {
				ASSETCATALOG_COMPILER_APPICON_NAME = AppIcon;
				CLANG_ENABLE_MODULES = YES;
				CURRENT_PROJECT_VERSION = 1;
				ENABLE_BITCODE = NO;
				INFOPLIST_FILE = Lawyer/Info.plist;
				LD_RUNPATH_SEARCH_PATHS = "$(inherited) @executable_path/Frameworks";
				OTHER_LDFLAGS = (
					"$(inherited)",
					"-ObjC",
					"-lc++",
				);
				PRODUCT_BUNDLE_IDENTIFIER = "org.reactjs.native.example.$(PRODUCT_NAME:rfc1034identifier)";
				PRODUCT_NAME = Lawyer;
				SWIFT_OPTIMIZATION_LEVEL = "-Onone";
				SWIFT_VERSION = 5.0;
				VERSIONING_SYSTEM = "apple-generic";
			};
			name = Debug;
		};
		13B07F951A680F5B00A75B9A /* Release */ = {
			isa = XCBuildConfiguration;
			buildSettings = {
				ASSETCATALOG_COMPILER_APPICON_NAME = AppIcon;
				CLANG_ENABLE_MODULES = YES;
				CURRENT_PROJECT_VERSION = 1;
				INFOPLIST_FILE = Lawyer/Info.plist;
				LD_RUNPATH_SEARCH_PATHS = "$(inherited) @executable_path/Frameworks";
				OTHER_LDFLAGS = (
					"$(inherited)",
					"-ObjC",
					"-lc++",
				);
				PRODUCT_BUNDLE_IDENTIFIER = "org.reactjs.native.example.$(PRODUCT_NAME:rfc1034identifier)";
				PRODUCT_NAME = Lawyer;
				SWIFT_VERSION = 5.0;
				VERSIONING_SYSTEM = "apple-generic";
			};
			name = Release;
		};
		2D02E4971E0B4A5E006451C7 /* Debug */ = {
			isa = XCBuildConfiguration;
			buildSettings = {
				ASSETCATALOG_COMPILER_APPICON_NAME = "App Icon & Top Shelf Image";
				ASSETCATALOG_COMPILER_LAUNCHIMAGE_NAME = LaunchImage;
				CLANG_ANALYZER_NONNULL = YES;
				CLANG_WARN_DOCUMENTATION_COMMENTS = YES;
				CLANG_WARN_INFINITE_RECURSION = YES;
				CLANG_WARN_SUSPICIOUS_MOVE = YES;
				DEBUG_INFORMATION_FORMAT = dwarf;
				ENABLE_TESTABILITY = YES;
				GCC_NO_COMMON_BLOCKS = YES;
				INFOPLIST_FILE = "Lawyer-tvOS/Info.plist";
				LD_RUNPATH_SEARCH_PATHS = "$(inherited) @executable_path/Frameworks";
				OTHER_LDFLAGS = (
					"$(inherited)",
					"-ObjC",
					"-lc++",
				);
				PRODUCT_BUNDLE_IDENTIFIER = "org.reactjs.native.example.Lawyer-tvOS";
				PRODUCT_NAME = "$(TARGET_NAME)";
				SDKROOT = appletvos;
				TARGETED_DEVICE_FAMILY = 3;
				TVOS_DEPLOYMENT_TARGET = 10.0;
			};
			name = Debug;
		};
		2D02E4981E0B4A5E006451C7 /* Release */ = {
			isa = XCBuildConfiguration;
			buildSettings = {
				ASSETCATALOG_COMPILER_APPICON_NAME = "App Icon & Top Shelf Image";
				ASSETCATALOG_COMPILER_LAUNCHIMAGE_NAME = LaunchImage;
				CLANG_ANALYZER_NONNULL = YES;
				CLANG_WARN_DOCUMENTATION_COMMENTS = YES;
				CLANG_WARN_INFINITE_RECURSION = YES;
				CLANG_WARN_SUSPICIOUS_MOVE = YES;
				COPY_PHASE_STRIP = NO;
				DEBUG_INFORMATION_FORMAT = "dwarf-with-dsym";
				GCC_NO_COMMON_BLOCKS = YES;
				INFOPLIST_FILE = "Lawyer-tvOS/Info.plist";
				LD_RUNPATH_SEARCH_PATHS = "$(inherited) @executable_path/Frameworks";
				OTHER_LDFLAGS = (
					"$(inherited)",
					"-ObjC",
					"-lc++",
				);
				PRODUCT_BUNDLE_IDENTIFIER = "org.reactjs.native.example.Lawyer-tvOS";
				PRODUCT_NAME = "$(TARGET_NAME)";
				SDKROOT = appletvos;
				TARGETED_DEVICE_FAMILY = 3;
				TVOS_DEPLOYMENT_TARGET = 10.0;
			};
			name = Release;
		};
		2D02E4991E0B4A5E006451C7 /* Debug */ = {
			isa = XCBuildConfiguration;
			buildSettings = {
				BUNDLE_LOADER = "$(TEST_HOST)";
				CLANG_ANALYZER_NONNULL = YES;
				CLANG_WARN_DOCUMENTATION_COMMENTS = YES;
				CLANG_WARN_INFINITE_RECURSION = YES;
				CLANG_WARN_SUSPICIOUS_MOVE = YES;
				DEBUG_INFORMATION_FORMAT = dwarf;
				ENABLE_TESTABILITY = YES;
				GCC_NO_COMMON_BLOCKS = YES;
				INFOPLIST_FILE = "Lawyer-tvOSTests/Info.plist";
				LD_RUNPATH_SEARCH_PATHS = "$(inherited) @executable_path/Frameworks @loader_path/Frameworks";
				OTHER_LDFLAGS = (
					"$(inherited)",
					"-ObjC",
					"-lc++",
				);
				PRODUCT_BUNDLE_IDENTIFIER = "org.reactjs.native.example.Lawyer-tvOSTests";
				PRODUCT_NAME = "$(TARGET_NAME)";
				SDKROOT = appletvos;
				TEST_HOST = "$(BUILT_PRODUCTS_DIR)/Lawyer-tvOS.app/Lawyer-tvOS";
				TVOS_DEPLOYMENT_TARGET = 10.1;
			};
			name = Debug;
		};
		2D02E49A1E0B4A5E006451C7 /* Release */ = {
			isa = XCBuildConfiguration;
			buildSettings = {
				BUNDLE_LOADER = "$(TEST_HOST)";
				CLANG_ANALYZER_NONNULL = YES;
				CLANG_WARN_DOCUMENTATION_COMMENTS = YES;
				CLANG_WARN_INFINITE_RECURSION = YES;
				CLANG_WARN_SUSPICIOUS_MOVE = YES;
				COPY_PHASE_STRIP = NO;
				DEBUG_INFORMATION_FORMAT = "dwarf-with-dsym";
				GCC_NO_COMMON_BLOCKS = YES;
				INFOPLIST_FILE = "Lawyer-tvOSTests/Info.plist";
				LD_RUNPATH_SEARCH_PATHS = "$(inherited) @executable_path/Frameworks @loader_path/Frameworks";
				OTHER_LDFLAGS = (
					"$(inherited)",
					"-ObjC",
					"-lc++",
				);
				PRODUCT_BUNDLE_IDENTIFIER = "org.reactjs.native.example.Lawyer-tvOSTests";
				PRODUCT_NAME = "$(TARGET_NAME)";
				SDKROOT = appletvos;
				TEST_HOST = "$(BUILT_PRODUCTS_DIR)/Lawyer-tvOS.app/Lawyer-tvOS";
				TVOS_DEPLOYMENT_TARGET = 10.1;
			};
			name = Release;
		};
		83CBBA201A601CBA00E9B192 /* Debug */ = {
			isa = XCBuildConfiguration;
			buildSettings = {
				ALWAYS_SEARCH_USER_PATHS = NO;
				CLANG_ANALYZER_LOCALIZABILITY_NONLOCALIZED = YES;
				CLANG_CXX_LANGUAGE_STANDARD = "gnu++0x";
				CLANG_CXX_LIBRARY = "libc++";
				CLANG_ENABLE_MODULES = YES;
				CLANG_ENABLE_OBJC_ARC = YES;
				CLANG_WARN_BLOCK_CAPTURE_AUTORELEASING = YES;
				CLANG_WARN_BOOL_CONVERSION = YES;
				CLANG_WARN_COMMA = YES;
				CLANG_WARN_CONSTANT_CONVERSION = YES;
				CLANG_WARN_DEPRECATED_OBJC_IMPLEMENTATIONS = YES;
				CLANG_WARN_DIRECT_OBJC_ISA_USAGE = YES_ERROR;
				CLANG_WARN_EMPTY_BODY = YES;
				CLANG_WARN_ENUM_CONVERSION = YES;
				CLANG_WARN_INFINITE_RECURSION = YES;
				CLANG_WARN_INT_CONVERSION = YES;
				CLANG_WARN_NON_LITERAL_NULL_CONVERSION = YES;
				CLANG_WARN_OBJC_IMPLICIT_RETAIN_SELF = YES;
				CLANG_WARN_OBJC_LITERAL_CONVERSION = YES;
				CLANG_WARN_OBJC_ROOT_CLASS = YES_ERROR;
				CLANG_WARN_RANGE_LOOP_ANALYSIS = YES;
				CLANG_WARN_STRICT_PROTOTYPES = YES;
				CLANG_WARN_SUSPICIOUS_MOVE = YES;
				CLANG_WARN_UNREACHABLE_CODE = YES;
				CLANG_WARN__DUPLICATE_METHOD_MATCH = YES;
				"CODE_SIGN_IDENTITY[sdk=iphoneos*]" = "iPhone Developer";
				COPY_PHASE_STRIP = NO;
				ENABLE_STRICT_OBJC_MSGSEND = YES;
				ENABLE_TESTABILITY = YES;
				GCC_C_LANGUAGE_STANDARD = gnu99;
				GCC_DYNAMIC_NO_PIC = NO;
				GCC_NO_COMMON_BLOCKS = YES;
				GCC_OPTIMIZATION_LEVEL = 0;
				GCC_PREPROCESSOR_DEFINITIONS = (
					"DEBUG=1",
					"$(inherited)",
				);
				GCC_SYMBOLS_PRIVATE_EXTERN = NO;
				GCC_WARN_64_TO_32_BIT_CONVERSION = YES;
				GCC_WARN_ABOUT_RETURN_TYPE = YES_ERROR;
				GCC_WARN_UNDECLARED_SELECTOR = YES;
				GCC_WARN_UNINITIALIZED_AUTOS = YES_AGGRESSIVE;
				GCC_WARN_UNUSED_FUNCTION = YES;
				GCC_WARN_UNUSED_VARIABLE = YES;
				IPHONEOS_DEPLOYMENT_TARGET = 10.0;
				LD_RUNPATH_SEARCH_PATHS = "/usr/lib/swift $(inherited)";
				LIBRARY_SEARCH_PATHS = (
					"\"$(TOOLCHAIN_DIR)/usr/lib/swift/$(PLATFORM_NAME)\"",
					"\"$(TOOLCHAIN_DIR)/usr/lib/swift-5.0/$(PLATFORM_NAME)\"",
					"\"$(inherited)\"",
				);
				MTL_ENABLE_DEBUG_INFO = YES;
				ONLY_ACTIVE_ARCH = YES;
				SDKROOT = iphoneos;
			};
			name = Debug;
		};
		83CBBA211A601CBA00E9B192 /* Release */ = {
			isa = XCBuildConfiguration;
			buildSettings = {
				ALWAYS_SEARCH_USER_PATHS = NO;
				CLANG_ANALYZER_LOCALIZABILITY_NONLOCALIZED = YES;
				CLANG_CXX_LANGUAGE_STANDARD = "gnu++0x";
				CLANG_CXX_LIBRARY = "libc++";
				CLANG_ENABLE_MODULES = YES;
				CLANG_ENABLE_OBJC_ARC = YES;
				CLANG_WARN_BLOCK_CAPTURE_AUTORELEASING = YES;
				CLANG_WARN_BOOL_CONVERSION = YES;
				CLANG_WARN_COMMA = YES;
				CLANG_WARN_CONSTANT_CONVERSION = YES;
				CLANG_WARN_DEPRECATED_OBJC_IMPLEMENTATIONS = YES;
				CLANG_WARN_DIRECT_OBJC_ISA_USAGE = YES_ERROR;
				CLANG_WARN_EMPTY_BODY = YES;
				CLANG_WARN_ENUM_CONVERSION = YES;
				CLANG_WARN_INFINITE_RECURSION = YES;
				CLANG_WARN_INT_CONVERSION = YES;
				CLANG_WARN_NON_LITERAL_NULL_CONVERSION = YES;
				CLANG_WARN_OBJC_IMPLICIT_RETAIN_SELF = YES;
				CLANG_WARN_OBJC_LITERAL_CONVERSION = YES;
				CLANG_WARN_OBJC_ROOT_CLASS = YES_ERROR;
				CLANG_WARN_RANGE_LOOP_ANALYSIS = YES;
				CLANG_WARN_STRICT_PROTOTYPES = YES;
				CLANG_WARN_SUSPICIOUS_MOVE = YES;
				CLANG_WARN_UNREACHABLE_CODE = YES;
				CLANG_WARN__DUPLICATE_METHOD_MATCH = YES;
				"CODE_SIGN_IDENTITY[sdk=iphoneos*]" = "iPhone Developer";
				COPY_PHASE_STRIP = YES;
				ENABLE_NS_ASSERTIONS = NO;
				ENABLE_STRICT_OBJC_MSGSEND = YES;
				GCC_C_LANGUAGE_STANDARD = gnu99;
				GCC_NO_COMMON_BLOCKS = YES;
				GCC_WARN_64_TO_32_BIT_CONVERSION = YES;
				GCC_WARN_ABOUT_RETURN_TYPE = YES_ERROR;
				GCC_WARN_UNDECLARED_SELECTOR = YES;
				GCC_WARN_UNINITIALIZED_AUTOS = YES_AGGRESSIVE;
				GCC_WARN_UNUSED_FUNCTION = YES;
				GCC_WARN_UNUSED_VARIABLE = YES;
				IPHONEOS_DEPLOYMENT_TARGET = 10.0;
				LD_RUNPATH_SEARCH_PATHS = "/usr/lib/swift $(inherited)";
				LIBRARY_SEARCH_PATHS = (
					"\"$(TOOLCHAIN_DIR)/usr/lib/swift/$(PLATFORM_NAME)\"",
					"\"$(TOOLCHAIN_DIR)/usr/lib/swift-5.0/$(PLATFORM_NAME)\"",
					"\"$(inherited)\"",
				);
				MTL_ENABLE_DEBUG_INFO = NO;
				SDKROOT = iphoneos;
				VALIDATE_PRODUCT = YES;
			};
			name = Release;
		};
/* End XCBuildConfiguration section */

/* Begin XCConfigurationList section */
		00E357021AD99517003FC87E /* Build configuration list for PBXNativeTarget "LawyerTests" */ = {
			isa = XCConfigurationList;
			buildConfigurations = (
				00E356F61AD99517003FC87E /* Debug */,
				00E356F71AD99517003FC87E /* Release */,
			);
			defaultConfigurationIsVisible = 0;
			defaultConfigurationName = Release;
		};
		13B07F931A680F5B00A75B9A /* Build configuration list for PBXNativeTarget "Lawyer" */ = {
			isa = XCConfigurationList;
			buildConfigurations = (
				13B07F941A680F5B00A75B9A /* Debug */,
				13B07F951A680F5B00A75B9A /* Release */,
			);
			defaultConfigurationIsVisible = 0;
			defaultConfigurationName = Release;
		};
		2D02E4BA1E0B4A5E006451C7 /* Build configuration list for PBXNativeTarget "Lawyer-tvOS" */ = {
			isa = XCConfigurationList;
			buildConfigurations = (
				2D02E4971E0B4A5E006451C7 /* Debug */,
				2D02E4981E0B4A5E006451C7 /* Release */,
			);
			defaultConfigurationIsVisible = 0;
			defaultConfigurationName = Release;
		};
		2D02E4BB1E0B4A5E006451C7 /* Build configuration list for PBXNativeTarget "Lawyer-tvOSTests" */ = {
			isa = XCConfigurationList;
			buildConfigurations = (
				2D02E4991E0B4A5E006451C7 /* Debug */,
				2D02E49A1E0B4A5E006451C7 /* Release */,
			);
			defaultConfigurationIsVisible = 0;
			defaultConfigurationName = Release;
		};
		83CBB9FA1A601CBA00E9B192 /* Build configuration list for PBXProject "Lawyer" */ = {
			isa = XCConfigurationList;
			buildConfigurations = (
				83CBBA201A601CBA00E9B192 /* Debug */,
				83CBBA211A601CBA00E9B192 /* Release */,
			);
			defaultConfigurationIsVisible = 0;
			defaultConfigurationName = Release;
		};
/* End XCConfigurationList section */
	};
	rootObject = 83CBB9F71A601CBA00E9B192 /* Project object */;
}
